// !$*UTF8*$!
{
	archiveVersion = 1;
	classes = {
	};
	objectVersion = 56;
	objects = {

/* Begin PBXBuildFile section */
		45A5DE872DCD653000B8DB16 /* AppDelegate.swift in Sources */ = {isa = PBXBuildFile; fileRef = 45A5DE862DCD653000B8DB16 /* AppDelegate.swift */; };
		45A5DE892DCD653000B8DB16 /* SceneDelegate.swift in Sources */ = {isa = PBXBuildFile; fileRef = 45A5DE882DCD653000B8DB16 /* SceneDelegate.swift */; };
		45A5DE8B2DCD653000B8DB16 /* ViewController.swift in Sources */ = {isa = PBXBuildFile; fileRef = 45A5DE8A2DCD653000B8DB16 /* ViewController.swift */; };
		45A5DE8E2DCD653000B8DB16 /* Main.storyboard in Resources */ = {isa = PBXBuildFile; fileRef = 45A5DE8C2DCD653000B8DB16 /* Main.storyboard */; };
		45A5DE912DCD653000B8DB16 /* SportsProject.xcdatamodeld in Sources */ = {isa = PBXBuildFile; fileRef = 45A5DE8F2DCD653000B8DB16 /* SportsProject.xcdatamodeld */; };
		45A5DE932DCD653200B8DB16 /* Assets.xcassets in Resources */ = {isa = PBXBuildFile; fileRef = 45A5DE922DCD653200B8DB16 /* Assets.xcassets */; };
		45A5DE962DCD653200B8DB16 /* LaunchScreen.storyboard in Resources */ = {isa = PBXBuildFile; fileRef = 45A5DE942DCD653200B8DB16 /* LaunchScreen.storyboard */; };
		45A5DEA12DCD653300B8DB16 /* SportsProjectTests.swift in Sources */ = {isa = PBXBuildFile; fileRef = 45A5DEA02DCD653300B8DB16 /* SportsProjectTests.swift */; };
		45A5DEAB2DCD653300B8DB16 /* SportsProjectUITests.swift in Sources */ = {isa = PBXBuildFile; fileRef = 45A5DEAA2DCD653300B8DB16 /* SportsProjectUITests.swift */; };
		45A5DEAD2DCD653300B8DB16 /* SportsProjectUITestsLaunchTests.swift in Sources */ = {isa = PBXBuildFile; fileRef = 45A5DEAC2DCD653300B8DB16 /* SportsProjectUITestsLaunchTests.swift */; };
/* End PBXBuildFile section */

/* Begin PBXContainerItemProxy section */
		45A5DE9D2DCD653300B8DB16 /* PBXContainerItemProxy */ = {
			isa = PBXContainerItemProxy;
			containerPortal = 45A5DE7B2DCD653000B8DB16 /* Project object */;
			proxyType = 1;
			remoteGlobalIDString = 45A5DE822DCD653000B8DB16;
			remoteInfo = SportsProject;
		};
		45A5DEA72DCD653300B8DB16 /* PBXContainerItemProxy */ = {
			isa = PBXContainerItemProxy;
			containerPortal = 45A5DE7B2DCD653000B8DB16 /* Project object */;
			proxyType = 1;
			remoteGlobalIDString = 45A5DE822DCD653000B8DB16;
			remoteInfo = SportsProject;
		};
/* End PBXContainerItemProxy section */

/* Begin PBXFileReference section */
		45A5DE832DCD653000B8DB16 /* SportsProject.app */ = {isa = PBXFileReference; explicitFileType = wrapper.application; includeInIndex = 0; path = SportsProject.app; sourceTree = BUILT_PRODUCTS_DIR; };
		45A5DE862DCD653000B8DB16 /* AppDelegate.swift */ = {isa = PBXFileReference; lastKnownFileType = sourcecode.swift; path = AppDelegate.swift; sourceTree = "<group>"; };
		45A5DE882DCD653000B8DB16 /* SceneDelegate.swift */ = {isa = PBXFileReference; lastKnownFileType = sourcecode.swift; path = SceneDelegate.swift; sourceTree = "<group>"; };
		45A5DE8A2DCD653000B8DB16 /* ViewController.swift */ = {isa = PBXFileReference; lastKnownFileType = sourcecode.swift; path = ViewController.swift; sourceTree = "<group>"; };
		45A5DE8D2DCD653000B8DB16 /* Base */ = {isa = PBXFileReference; lastKnownFileType = file.storyboard; name = Base; path = Base.lproj/Main.storyboard; sourceTree = "<group>"; };
		45A5DE902DCD653000B8DB16 /* SportsProject.xcdatamodel */ = {isa = PBXFileReference; lastKnownFileType = wrapper.xcdatamodel; path = SportsProject.xcdatamodel; sourceTree = "<group>"; };
		45A5DE922DCD653200B8DB16 /* Assets.xcassets */ = {isa = PBXFileReference; lastKnownFileType = folder.assetcatalog; path = Assets.xcassets; sourceTree = "<group>"; };
		45A5DE952DCD653200B8DB16 /* Base */ = {isa = PBXFileReference; lastKnownFileType = file.storyboard; name = Base; path = Base.lproj/LaunchScreen.storyboard; sourceTree = "<group>"; };
		45A5DE972DCD653200B8DB16 /* Info.plist */ = {isa = PBXFileReference; lastKnownFileType = text.plist.xml; path = Info.plist; sourceTree = "<group>"; };
		45A5DE9C2DCD653200B8DB16 /* SportsProjectTests.xctest */ = {isa = PBXFileReference; explicitFileType = wrapper.cfbundle; includeInIndex = 0; path = SportsProjectTests.xctest; sourceTree = BUILT_PRODUCTS_DIR; };
		45A5DEA02DCD653300B8DB16 /* SportsProjectTests.swift */ = {isa = PBXFileReference; lastKnownFileType = sourcecode.swift; path = SportsProjectTests.swift; sourceTree = "<group>"; };
		45A5DEA62DCD653300B8DB16 /* SportsProjectUITests.xctest */ = {isa = PBXFileReference; explicitFileType = wrapper.cfbundle; includeInIndex = 0; path = SportsProjectUITests.xctest; sourceTree = BUILT_PRODUCTS_DIR; };
		45A5DEAA2DCD653300B8DB16 /* SportsProjectUITests.swift */ = {isa = PBXFileReference; lastKnownFileType = sourcecode.swift; path = SportsProjectUITests.swift; sourceTree = "<group>"; };
		45A5DEAC2DCD653300B8DB16 /* SportsProjectUITestsLaunchTests.swift */ = {isa = PBXFileReference; lastKnownFileType = sourcecode.swift; path = SportsProjectUITestsLaunchTests.swift; sourceTree = "<group>"; };
/* End PBXFileReference section */

/* Begin PBXFrameworksBuildPhase section */
		45A5DE802DCD653000B8DB16 /* Frameworks */ = {
			isa = PBXFrameworksBuildPhase;
			buildActionMask = 2147483647;
			files = (
			);
			runOnlyForDeploymentPostprocessing = 0;
		};
		45A5DE992DCD653200B8DB16 /* Frameworks */ = {
			isa = PBXFrameworksBuildPhase;
			buildActionMask = 2147483647;
			files = (
			);
			runOnlyForDeploymentPostprocessing = 0;
		};
		45A5DEA32DCD653300B8DB16 /* Frameworks */ = {
			isa = PBXFrameworksBuildPhase;
			buildActionMask = 2147483647;
			files = (
			);
			runOnlyForDeploymentPostprocessing = 0;
		};
/* End PBXFrameworksBuildPhase section */

/* Begin PBXGroup section */
		45A5DE7A2DCD653000B8DB16 = {
			isa = PBXGroup;
			children = (
				45A5DE852DCD653000B8DB16 /* SportsProject */,
				45A5DE9F2DCD653300B8DB16 /* SportsProjectTests */,
				45A5DEA92DCD653300B8DB16 /* SportsProjectUITests */,
				45A5DE842DCD653000B8DB16 /* Products */,
			);
			sourceTree = "<group>";
		};
		45A5DE842DCD653000B8DB16 /* Products */ = {
			isa = PBXGroup;
			children = (
				45A5DE832DCD653000B8DB16 /* SportsProject.app */,
				45A5DE9C2DCD653200B8DB16 /* SportsProjectTests.xctest */,
				45A5DEA62DCD653300B8DB16 /* SportsProjectUITests.xctest */,
			);
			name = Products;
			sourceTree = "<group>";
		};
		45A5DE852DCD653000B8DB16 /* SportsProject */ = {
			isa = PBXGroup;
			children = (
				45A5DE862DCD653000B8DB16 /* AppDelegate.swift */,
				45A5DE882DCD653000B8DB16 /* SceneDelegate.swift */,
				45A5DE8A2DCD653000B8DB16 /* ViewController.swift */,
				45A5DE8C2DCD653000B8DB16 /* Main.storyboard */,
				45A5DE922DCD653200B8DB16 /* Assets.xcassets */,
				45A5DE942DCD653200B8DB16 /* LaunchScreen.storyboard */,
				45A5DE972DCD653200B8DB16 /* Info.plist */,
				45A5DE8F2DCD653000B8DB16 /* SportsProject.xcdatamodeld */,
			);
			path = SportsProject;
			sourceTree = "<group>";
		};
		45A5DE9F2DCD653300B8DB16 /* SportsProjectTests */ = {
			isa = PBXGroup;
			children = (
				45A5DEA02DCD653300B8DB16 /* SportsProjectTests.swift */,
			);
			path = SportsProjectTests;
			sourceTree = "<group>";
		};
		45A5DEA92DCD653300B8DB16 /* SportsProjectUITests */ = {
			isa = PBXGroup;
			children = (
				45A5DEAA2DCD653300B8DB16 /* SportsProjectUITests.swift */,
				45A5DEAC2DCD653300B8DB16 /* SportsProjectUITestsLaunchTests.swift */,
			);
			path = SportsProjectUITests;
			sourceTree = "<group>";
		};
/* End PBXGroup section */

/* Begin PBXNativeTarget section */
		45A5DE822DCD653000B8DB16 /* SportsProject */ = {
			isa = PBXNativeTarget;
			buildConfigurationList = 45A5DEB02DCD653300B8DB16 /* Build configuration list for PBXNativeTarget "SportsProject" */;
			buildPhases = (
				45A5DE7F2DCD653000B8DB16 /* Sources */,
				45A5DE802DCD653000B8DB16 /* Frameworks */,
				45A5DE812DCD653000B8DB16 /* Resources */,
			);
			buildRules = (
			);
			dependencies = (
			);
			name = SportsProject;
			productName = SportsProject;
			productReference = 45A5DE832DCD653000B8DB16 /* SportsProject.app */;
			productType = "com.apple.product-type.application";
		};
		45A5DE9B2DCD653200B8DB16 /* SportsProjectTests */ = {
			isa = PBXNativeTarget;
			buildConfigurationList = 45A5DEB32DCD653300B8DB16 /* Build configuration list for PBXNativeTarget "SportsProjectTests" */;
			buildPhases = (
				45A5DE982DCD653200B8DB16 /* Sources */,
				45A5DE992DCD653200B8DB16 /* Frameworks */,
				45A5DE9A2DCD653200B8DB16 /* Resources */,
			);
			buildRules = (
			);
			dependencies = (
				45A5DE9E2DCD653300B8DB16 /* PBXTargetDependency */,
			);
			name = SportsProjectTests;
			productName = SportsProjectTests;
			productReference = 45A5DE9C2DCD653200B8DB16 /* SportsProjectTests.xctest */;
			productType = "com.apple.product-type.bundle.unit-test";
		};
		45A5DEA52DCD653300B8DB16 /* SportsProjectUITests */ = {
			isa = PBXNativeTarget;
			buildConfigurationList = 45A5DEB62DCD653300B8DB16 /* Build configuration list for PBXNativeTarget "SportsProjectUITests" */;
			buildPhases = (
				45A5DEA22DCD653300B8DB16 /* Sources */,
				45A5DEA32DCD653300B8DB16 /* Frameworks */,
				45A5DEA42DCD653300B8DB16 /* Resources */,
			);
			buildRules = (
			);
			dependencies = (
				45A5DEA82DCD653300B8DB16 /* PBXTargetDependency */,
			);
			name = SportsProjectUITests;
			productName = SportsProjectUITests;
			productReference = 45A5DEA62DCD653300B8DB16 /* SportsProjectUITests.xctest */;
			productType = "com.apple.product-type.bundle.ui-testing";
		};
/* End PBXNativeTarget section */

/* Begin PBXProject section */
		45A5DE7B2DCD653000B8DB16 /* Project object */ = {
			isa = PBXProject;
			attributes = {
				BuildIndependentTargetsInParallel = 1;
				LastSwiftUpdateCheck = 1420;
				LastUpgradeCheck = 1420;
				TargetAttributes = {
					45A5DE822DCD653000B8DB16 = {
						CreatedOnToolsVersion = 14.2;
					};
					45A5DE9B2DCD653200B8DB16 = {
						CreatedOnToolsVersion = 14.2;
						TestTargetID = 45A5DE822DCD653000B8DB16;
					};
					45A5DEA52DCD653300B8DB16 = {
						CreatedOnToolsVersion = 14.2;
						TestTargetID = 45A5DE822DCD653000B8DB16;
					};
				};
			};
			buildConfigurationList = 45A5DE7E2DCD653000B8DB16 /* Build configuration list for PBXProject "SportsProject" */;
			compatibilityVersion = "Xcode 14.0";
			developmentRegion = en;
			hasScannedForEncodings = 0;
			knownRegions = (
				en,
				Base,
			);
			mainGroup = 45A5DE7A2DCD653000B8DB16;
			productRefGroup = 45A5DE842DCD653000B8DB16 /* Products */;
			projectDirPath = "";
			projectRoot = "";
			targets = (
				45A5DE822DCD653000B8DB16 /* SportsProject */,
				45A5DE9B2DCD653200B8DB16 /* SportsProjectTests */,
				45A5DEA52DCD653300B8DB16 /* SportsProjectUITests */,
			);
		};
/* End PBXProject section */

/* Begin PBXResourcesBuildPhase section */
		45A5DE812DCD653000B8DB16 /* Resources */ = {
			isa = PBXResourcesBuildPhase;
			buildActionMask = 2147483647;
			files = (
				45A5DE962DCD653200B8DB16 /* LaunchScreen.storyboard in Resources */,
				45A5DE932DCD653200B8DB16 /* Assets.xcassets in Resources */,
				45A5DE8E2DCD653000B8DB16 /* Main.storyboard in Resources */,
			);
			runOnlyForDeploymentPostprocessing = 0;
		};
		45A5DE9A2DCD653200B8DB16 /* Resources */ = {
			isa = PBXResourcesBuildPhase;
			buildActionMask = 2147483647;
			files = (
			);
			runOnlyForDeploymentPostprocessing = 0;
		};
		45A5DEA42DCD653300B8DB16 /* Resources */ = {
			isa = PBXResourcesBuildPhase;
			buildActionMask = 2147483647;
			files = (
			);
			runOnlyForDeploymentPostprocessing = 0;
		};
/* End PBXResourcesBuildPhase section */

/* Begin PBXSourcesBuildPhase section */
		45A5DE7F2DCD653000B8DB16 /* Sources */ = {
			isa = PBXSourcesBuildPhase;
			buildActionMask = 2147483647;
			files = (
				45A5DE912DCD653000B8DB16 /* SportsProject.xcdatamodeld in Sources */,
				45A5DE8B2DCD653000B8DB16 /* ViewController.swift in Sources */,
				45A5DE872DCD653000B8DB16 /* AppDelegate.swift in Sources */,
				45A5DE892DCD653000B8DB16 /* SceneDelegate.swift in Sources */,
			);
			runOnlyForDeploymentPostprocessing = 0;
		};
		45A5DE982DCD653200B8DB16 /* Sources */ = {
			isa = PBXSourcesBuildPhase;
			buildActionMask = 2147483647;
			files = (
				45A5DEA12DCD653300B8DB16 /* SportsProjectTests.swift in Sources */,
			);
			runOnlyForDeploymentPostprocessing = 0;
		};
		45A5DEA22DCD653300B8DB16 /* Sources */ = {
			isa = PBXSourcesBuildPhase;
			buildActionMask = 2147483647;
			files = (
				45A5DEAB2DCD653300B8DB16 /* SportsProjectUITests.swift in Sources */,
				45A5DEAD2DCD653300B8DB16 /* SportsProjectUITestsLaunchTests.swift in Sources */,
			);
			runOnlyForDeploymentPostprocessing = 0;
		};
/* End PBXSourcesBuildPhase section */

/* Begin PBXTargetDependency section */
		45A5DE9E2DCD653300B8DB16 /* PBXTargetDependency */ = {
			isa = PBXTargetDependency;
			target = 45A5DE822DCD653000B8DB16 /* SportsProject */;
			targetProxy = 45A5DE9D2DCD653300B8DB16 /* PBXContainerItemProxy */;
		};
		45A5DEA82DCD653300B8DB16 /* PBXTargetDependency */ = {
			isa = PBXTargetDependency;
			target = 45A5DE822DCD653000B8DB16 /* SportsProject */;
			targetProxy = 45A5DEA72DCD653300B8DB16 /* PBXContainerItemProxy */;
		};
/* End PBXTargetDependency section */

/* Begin PBXVariantGroup section */
		45A5DE8C2DCD653000B8DB16 /* Main.storyboard */ = {
			isa = PBXVariantGroup;
			children = (
				45A5DE8D2DCD653000B8DB16 /* Base */,
			);
			name = Main.storyboard;
			sourceTree = "<group>";
		};
		45A5DE942DCD653200B8DB16 /* LaunchScreen.storyboard */ = {
			isa = PBXVariantGroup;
			children = (
				45A5DE952DCD653200B8DB16 /* Base */,
			);
			name = LaunchScreen.storyboard;
			sourceTree = "<group>";
		};
/* End PBXVariantGroup section */

/* Begin XCBuildConfiguration section */
		45A5DEAE2DCD653300B8DB16 /* Debug */ = {
			isa = XCBuildConfiguration;
			buildSettings = {
				ALWAYS_SEARCH_USER_PATHS = NO;
				CLANG_ANALYZER_NONNULL = YES;
				CLANG_ANALYZER_NUMBER_OBJECT_CONVERSION = YES_AGGRESSIVE;
				CLANG_CXX_LANGUAGE_STANDARD = "gnu++20";
				CLANG_ENABLE_MODULES = YES;
				CLANG_ENABLE_OBJC_ARC = YES;
				CLANG_ENABLE_OBJC_WEAK = YES;
				CLANG_WARN_BLOCK_CAPTURE_AUTORELEASING = YES;
				CLANG_WARN_BOOL_CONVERSION = YES;
				CLANG_WARN_COMMA = YES;
				CLANG_WARN_CONSTANT_CONVERSION = YES;
				CLANG_WARN_DEPRECATED_OBJC_IMPLEMENTATIONS = YES;
				CLANG_WARN_DIRECT_OBJC_ISA_USAGE = YES_ERROR;
				CLANG_WARN_DOCUMENTATION_COMMENTS = YES;
				CLANG_WARN_EMPTY_BODY = YES;
				CLANG_WARN_ENUM_CONVERSION = YES;
				CLANG_WARN_INFINITE_RECURSION = YES;
				CLANG_WARN_INT_CONVERSION = YES;
				CLANG_WARN_NON_LITERAL_NULL_CONVERSION = YES;
				CLANG_WARN_OBJC_IMPLICIT_RETAIN_SELF = YES;
				CLANG_WARN_OBJC_LITERAL_CONVERSION = YES;
				CLANG_WARN_OBJC_ROOT_CLASS = YES_ERROR;
				CLANG_WARN_QUOTED_INCLUDE_IN_FRAMEWORK_HEADER = YES;
				CLANG_WARN_RANGE_LOOP_ANALYSIS = YES;
				CLANG_WARN_STRICT_PROTOTYPES = YES;
				CLANG_WARN_SUSPICIOUS_MOVE = YES;
				CLANG_WARN_UNGUARDED_AVAILABILITY = YES_AGGRESSIVE;
				CLANG_WARN_UNREACHABLE_CODE = YES;
				CLANG_WARN__DUPLICATE_METHOD_MATCH = YES;
				COPY_PHASE_STRIP = NO;
				DEBUG_INFORMATION_FORMAT = dwarf;
				ENABLE_STRICT_OBJC_MSGSEND = YES;
				ENABLE_TESTABILITY = YES;
				GCC_C_LANGUAGE_STANDARD = gnu11;
				GCC_DYNAMIC_NO_PIC = NO;
				GCC_NO_COMMON_BLOCKS = YES;
				GCC_OPTIMIZATION_LEVEL = 0;
				GCC_PREPROCESSOR_DEFINITIONS = (
					"DEBUG=1",
					"$(inherited)",
				);
				GCC_WARN_64_TO_32_BIT_CONVERSION = YES;
				GCC_WARN_ABOUT_RETURN_TYPE = YES_ERROR;
				GCC_WARN_UNDECLARED_SELECTOR = YES;
				GCC_WARN_UNINITIALIZED_AUTOS = YES_AGGRESSIVE;
				GCC_WARN_UNUSED_FUNCTION = YES;
				GCC_WARN_UNUSED_VARIABLE = YES;
				IPHONEOS_DEPLOYMENT_TARGET = 16.2;
				MTL_ENABLE_DEBUG_INFO = INCLUDE_SOURCE;
				MTL_FAST_MATH = YES;
				ONLY_ACTIVE_ARCH = YES;
				SDKROOT = iphoneos;
				SWIFT_ACTIVE_COMPILATION_CONDITIONS = DEBUG;
				SWIFT_OPTIMIZATION_LEVEL = "-Onone";
			};
			name = Debug;
		};
		45A5DEAF2DCD653300B8DB16 /* Release */ = {
			isa = XCBuildConfiguration;
			buildSettings = {
				ALWAYS_SEARCH_USER_PATHS = NO;
				CLANG_ANALYZER_NONNULL = YES;
				CLANG_ANALYZER_NUMBER_OBJECT_CONVERSION = YES_AGGRESSIVE;
				CLANG_CXX_LANGUAGE_STANDARD = "gnu++20";
				CLANG_ENABLE_MODULES = YES;
				CLANG_ENABLE_OBJC_ARC = YES;
				CLANG_ENABLE_OBJC_WEAK = YES;
				CLANG_WARN_BLOCK_CAPTURE_AUTORELEASING = YES;
				CLANG_WARN_BOOL_CONVERSION = YES;
				CLANG_WARN_COMMA = YES;
				CLANG_WARN_CONSTANT_CONVERSION = YES;
				CLANG_WARN_DEPRECATED_OBJC_IMPLEMENTATIONS = YES;
				CLANG_WARN_DIRECT_OBJC_ISA_USAGE = YES_ERROR;
				CLANG_WARN_DOCUMENTATION_COMMENTS = YES;
				CLANG_WARN_EMPTY_BODY = YES;
				CLANG_WARN_ENUM_CONVERSION = YES;
				CLANG_WARN_INFINITE_RECURSION = YES;
				CLANG_WARN_INT_CONVERSION = YES;
				CLANG_WARN_NON_LITERAL_NULL_CONVERSION = YES;
				CLANG_WARN_OBJC_IMPLICIT_RETAIN_SELF = YES;
				CLANG_WARN_OBJC_LITERAL_CONVERSION = YES;
				CLANG_WARN_OBJC_ROOT_CLASS = YES_ERROR;
				CLANG_WARN_QUOTED_INCLUDE_IN_FRAMEWORK_HEADER = YES;
				CLANG_WARN_RANGE_LOOP_ANALYSIS = YES;
				CLANG_WARN_STRICT_PROTOTYPES = YES;
				CLANG_WARN_SUSPICIOUS_MOVE = YES;
				CLANG_WARN_UNGUARDED_AVAILABILITY = YES_AGGRESSIVE;
				CLANG_WARN_UNREACHABLE_CODE = YES;
				CLANG_WARN__DUPLICATE_METHOD_MATCH = YES;
				COPY_PHASE_STRIP = NO;
				DEBUG_INFORMATION_FORMAT = "dwarf-with-dsym";
				ENABLE_NS_ASSERTIONS = NO;
				ENABLE_STRICT_OBJC_MSGSEND = YES;
				GCC_C_LANGUAGE_STANDARD = gnu11;
				GCC_NO_COMMON_BLOCKS = YES;
				GCC_WARN_64_TO_32_BIT_CONVERSION = YES;
				GCC_WARN_ABOUT_RETURN_TYPE = YES_ERROR;
				GCC_WARN_UNDECLARED_SELECTOR = YES;
				GCC_WARN_UNINITIALIZED_AUTOS = YES_AGGRESSIVE;
				GCC_WARN_UNUSED_FUNCTION = YES;
				GCC_WARN_UNUSED_VARIABLE = YES;
				IPHONEOS_DEPLOYMENT_TARGET = 16.2;
				MTL_ENABLE_DEBUG_INFO = NO;
				MTL_FAST_MATH = YES;
				SDKROOT = iphoneos;
				SWIFT_COMPILATION_MODE = wholemodule;
				SWIFT_OPTIMIZATION_LEVEL = "-O";
				VALIDATE_PRODUCT = YES;
			};
			name = Release;
		};
		45A5DEB12DCD653300B8DB16 /* Debug */ = {
			isa = XCBuildConfiguration;
			buildSettings = {
				ASSETCATALOG_COMPILER_APPICON_NAME = AppIcon;
				ASSETCATALOG_COMPILER_GLOBAL_ACCENT_COLOR_NAME = AccentColor;
				CODE_SIGN_STYLE = Automatic;
				CURRENT_PROJECT_VERSION = 1;
				GENERATE_INFOPLIST_FILE = YES;
				INFOPLIST_FILE = SportsProject/Info.plist;
				INFOPLIST_KEY_UIApplicationSupportsIndirectInputEvents = YES;
				INFOPLIST_KEY_UILaunchStoryboardName = LaunchScreen;
				INFOPLIST_KEY_UIMainStoryboardFile = Main;
				INFOPLIST_KEY_UISupportedInterfaceOrientations_iPad = "UIInterfaceOrientationPortrait UIInterfaceOrientationPortraitUpsideDown UIInterfaceOrientationLandscapeLeft UIInterfaceOrientationLandscapeRight";
				INFOPLIST_KEY_UISupportedInterfaceOrientations_iPhone = "UIInterfaceOrientationPortrait UIInterfaceOrientationLandscapeLeft UIInterfaceOrientationLandscapeRight";
				LD_RUNPATH_SEARCH_PATHS = (
					"$(inherited)",
					"@executable_path/Frameworks",
				);
				MARKETING_VERSION = 1.0;
				PRODUCT_BUNDLE_IDENTIFIER = ITI.SportsProject;
				PRODUCT_NAME = "$(TARGET_NAME)";
				SWIFT_EMIT_LOC_STRINGS = YES;
				SWIFT_VERSION = 5.0;
				TARGETED_DEVICE_FAMILY = "1,2";
			};
			name = Debug;
		};
		45A5DEB22DCD653300B8DB16 /* Release */ = {
			isa = XCBuildConfiguration;
			buildSettings = {
				ASSETCATALOG_COMPILER_APPICON_NAME = AppIcon;
				ASSETCATALOG_COMPILER_GLOBAL_ACCENT_COLOR_NAME = AccentColor;
				CODE_SIGN_STYLE = Automatic;
				CURRENT_PROJECT_VERSION = 1;
				GENERATE_INFOPLIST_FILE = YES;
				INFOPLIST_FILE = SportsProject/Info.plist;
				INFOPLIST_KEY_UIApplicationSupportsIndirectInputEvents = YES;
				INFOPLIST_KEY_UILaunchStoryboardName = LaunchScreen;
				INFOPLIST_KEY_UIMainStoryboardFile = Main;
				INFOPLIST_KEY_UISupportedInterfaceOrientations_iPad = "UIInterfaceOrientationPortrait UIInterfaceOrientationPortraitUpsideDown UIInterfaceOrientationLandscapeLeft UIInterfaceOrientationLandscapeRight";
				INFOPLIST_KEY_UISupportedInterfaceOrientations_iPhone = "UIInterfaceOrientationPortrait UIInterfaceOrientationLandscapeLeft UIInterfaceOrientationLandscapeRight";
				LD_RUNPATH_SEARCH_PATHS = (
					"$(inherited)",
					"@executable_path/Frameworks",
				);
				MARKETING_VERSION = 1.0;
				PRODUCT_BUNDLE_IDENTIFIER = ITI.SportsProject;
				PRODUCT_NAME = "$(TARGET_NAME)";
				SWIFT_EMIT_LOC_STRINGS = YES;
				SWIFT_VERSION = 5.0;
				TARGETED_DEVICE_FAMILY = "1,2";
			};
			name = Release;
		};
		45A5DEB42DCD653300B8DB16 /* Debug */ = {
			isa = XCBuildConfiguration;
			buildSettings = {
				ALWAYS_EMBED_SWIFT_STANDARD_LIBRARIES = YES;
				BUNDLE_LOADER = "$(TEST_HOST)";
				CODE_SIGN_STYLE = Automatic;
				CURRENT_PROJECT_VERSION = 1;
				GENERATE_INFOPLIST_FILE = YES;
				IPHONEOS_DEPLOYMENT_TARGET = 16.2;
				MARKETING_VERSION = 1.0;
				PRODUCT_BUNDLE_IDENTIFIER = ITI.SportsProjectTests;
				PRODUCT_NAME = "$(TARGET_NAME)";
				SWIFT_EMIT_LOC_STRINGS = NO;
				SWIFT_VERSION = 5.0;
				TARGETED_DEVICE_FAMILY = "1,2";
				TEST_HOST = "$(BUILT_PRODUCTS_DIR)/SportsProject.app/$(BUNDLE_EXECUTABLE_FOLDER_PATH)/SportsProject";
			};
			name = Debug;
		};
		45A5DEB52DCD653300B8DB16 /* Release */ = {
			isa = XCBuildConfiguration;
			buildSettings = {
				ALWAYS_EMBED_SWIFT_STANDARD_LIBRARIES = YES;
				BUNDLE_LOADER = "$(TEST_HOST)";
				CODE_SIGN_STYLE = Automatic;
				CURRENT_PROJECT_VERSION = 1;
				GENERATE_INFOPLIST_FILE = YES;
				IPHONEOS_DEPLOYMENT_TARGET = 16.2;
				MARKETING_VERSION = 1.0;
				PRODUCT_BUNDLE_IDENTIFIER = ITI.SportsProjectTests;
				PRODUCT_NAME = "$(TARGET_NAME)";
				SWIFT_EMIT_LOC_STRINGS = NO;
				SWIFT_VERSION = 5.0;
				TARGETED_DEVICE_FAMILY = "1,2";
				TEST_HOST = "$(BUILT_PRODUCTS_DIR)/SportsProject.app/$(BUNDLE_EXECUTABLE_FOLDER_PATH)/SportsProject";
			};
			name = Release;
		};
		45A5DEB72DCD653300B8DB16 /* Debug */ = {
			isa = XCBuildConfiguration;
			buildSettings = {
				ALWAYS_EMBED_SWIFT_STANDARD_LIBRARIES = YES;
				CODE_SIGN_STYLE = Automatic;
				CURRENT_PROJECT_VERSION = 1;
				GENERATE_INFOPLIST_FILE = YES;
				MARKETING_VERSION = 1.0;
				PRODUCT_BUNDLE_IDENTIFIER = ITI.SportsProjectUITests;
				PRODUCT_NAME = "$(TARGET_NAME)";
				SWIFT_EMIT_LOC_STRINGS = NO;
				SWIFT_VERSION = 5.0;
				TARGETED_DEVICE_FAMILY = "1,2";
				TEST_TARGET_NAME = SportsProject;
			};
			name = Debug;
		};
		45A5DEB82DCD653300B8DB16 /* Release */ = {
			isa = XCBuildConfiguration;
			buildSettings = {
				ALWAYS_EMBED_SWIFT_STANDARD_LIBRARIES = YES;
				CODE_SIGN_STYLE = Automatic;
				CURRENT_PROJECT_VERSION = 1;
				GENERATE_INFOPLIST_FILE = YES;
				MARKETING_VERSION = 1.0;
				PRODUCT_BUNDLE_IDENTIFIER = ITI.SportsProjectUITests;
				PRODUCT_NAME = "$(TARGET_NAME)";
				SWIFT_EMIT_LOC_STRINGS = NO;
				SWIFT_VERSION = 5.0;
				TARGETED_DEVICE_FAMILY = "1,2";
				TEST_TARGET_NAME = SportsProject;
			};
			name = Release;
		};
/* End XCBuildConfiguration section */

/* Begin XCConfigurationList section */
		45A5DE7E2DCD653000B8DB16 /* Build configuration list for PBXProject "SportsProject" */ = {
			isa = XCConfigurationList;
			buildConfigurations = (
				45A5DEAE2DCD653300B8DB16 /* Debug */,
				45A5DEAF2DCD653300B8DB16 /* Release */,
			);
			defaultConfigurationIsVisible = 0;
			defaultConfigurationName = Release;
		};
		45A5DEB02DCD653300B8DB16 /* Build configuration list for PBXNativeTarget "SportsProject" */ = {
			isa = XCConfigurationList;
			buildConfigurations = (
				45A5DEB12DCD653300B8DB16 /* Debug */,
				45A5DEB22DCD653300B8DB16 /* Release */,
			);
			defaultConfigurationIsVisible = 0;
			defaultConfigurationName = Release;
		};
		45A5DEB32DCD653300B8DB16 /* Build configuration list for PBXNativeTarget "SportsProjectTests" */ = {
			isa = XCConfigurationList;
			buildConfigurations = (
				45A5DEB42DCD653300B8DB16 /* Debug */,
				45A5DEB52DCD653300B8DB16 /* Release */,
			);
			defaultConfigurationIsVisible = 0;
			defaultConfigurationName = Release;
		};
		45A5DEB62DCD653300B8DB16 /* Build configuration list for PBXNativeTarget "SportsProjectUITests" */ = {
			isa = XCConfigurationList;
			buildConfigurations = (
				45A5DEB72DCD653300B8DB16 /* Debug */,
				45A5DEB82DCD653300B8DB16 /* Release */,
			);
			defaultConfigurationIsVisible = 0;
			defaultConfigurationName = Release;
		};
/* End XCConfigurationList section */

/* Begin XCVersionGroup section */
		45A5DE8F2DCD653000B8DB16 /* SportsProject.xcdatamodeld */ = {
			isa = XCVersionGroup;
			children = (
				45A5DE902DCD653000B8DB16 /* SportsProject.xcdatamodel */,
			);
			currentVersion = 45A5DE902DCD653000B8DB16 /* SportsProject.xcdatamodel */;
			path = SportsProject.xcdatamodeld;
			sourceTree = "<group>";
			versionGroupType = wrapper.xcdatamodel;
		};
/* End XCVersionGroup section */
	};
	rootObject = 45A5DE7B2DCD653000B8DB16 /* Project object */;
}
